
Microsoft Visual Studio Solution File, Format Version 12.00
# Visual Studio 15
VisualStudioVersion = 15.0.26228.4
MinimumVisualStudioVersion = 10.0.40219.1
Project("{FAE04EC0-301F-11D3-BF4B-00C04F79EFBC}") = "H-Viewer", "H-Viewer\H-Viewer.csproj", "{5C6F19D2-E74A-4A76-9427-4763C77CB279}"
EndProject
Project("{FAE04EC0-301F-11D3-BF4B-00C04F79EFBC}") = "AngleSharp.Core", "..\AngleSharp\src\AngleSharp\AngleSharp.Core.csproj", "{91F78C48-287E-41B5-9E49-44D6E1E31290}"
EndProject
Project("{FAE04EC0-301F-11D3-BF4B-00C04F79EFBC}") = "NSoup-UWP", "..\NSoup-UWP\NSoup-UWP\NSoup-UWP.csproj", "{11BA20BF-53ED-46BF-9422-6907D1438FFA}"
EndProject
Global
	GlobalSection(SolutionConfigurationPlatforms) = preSolution
		Debug (Anniversary Update)|Any CPU = Debug (Anniversary Update)|Any CPU
		Debug (Anniversary Update)|ARM = Debug (Anniversary Update)|ARM
		Debug (Anniversary Update)|x64 = Debug (Anniversary Update)|x64
		Debug (Anniversary Update)|x86 = Debug (Anniversary Update)|x86
		Debug (Version 1511)|Any CPU = Debug (Version 1511)|Any CPU
		Debug (Version 1511)|ARM = Debug (Version 1511)|ARM
		Debug (Version 1511)|x64 = Debug (Version 1511)|x64
		Debug (Version 1511)|x86 = Debug (Version 1511)|x86
		Debug|Any CPU = Debug|Any CPU
		Debug|ARM = Debug|ARM
		Debug|x64 = Debug|x64
		Debug|x86 = Debug|x86
		Publish|Any CPU = Publish|Any CPU
		Publish|ARM = Publish|ARM
		Publish|x64 = Publish|x64
		Publish|x86 = Publish|x86
		Release (Anniversary Update)|Any CPU = Release (Anniversary Update)|Any CPU
		Release (Anniversary Update)|ARM = Release (Anniversary Update)|ARM
		Release (Anniversary Update)|x64 = Release (Anniversary Update)|x64
		Release (Anniversary Update)|x86 = Release (Anniversary Update)|x86
		Release (Version 1511)|Any CPU = Release (Version 1511)|Any CPU
		Release (Version 1511)|ARM = Release (Version 1511)|ARM
		Release (Version 1511)|x64 = Release (Version 1511)|x64
		Release (Version 1511)|x86 = Release (Version 1511)|x86
		Release|Any CPU = Release|Any CPU
		Release|ARM = Release|ARM
		Release|x64 = Release|x64
		Release|x86 = Release|x86
	EndGlobalSection
	GlobalSection(ProjectConfigurationPlatforms) = postSolution
		{5C6F19D2-E74A-4A76-9427-4763C77CB279}.Debug (Anniversary Update)|Any CPU.ActiveCfg = Release|x64
		{5C6F19D2-E74A-4A76-9427-4763C77CB279}.Debug (Anniversary Update)|Any CPU.Build.0 = Release|x64
		{5C6F19D2-E74A-4A76-9427-4763C77CB279}.Debug (Anniversary Update)|Any CPU.Deploy.0 = Release|x64
		{5C6F19D2-E74A-4A76-9427-4763C77CB279}.Debug (Anniversary Update)|ARM.ActiveCfg = Debug|ARM
		{5C6F19D2-E74A-4A76-9427-4763C77CB279}.Debug (Anniversary Update)|ARM.Build.0 = Debug|ARM
		{5C6F19D2-E74A-4A76-9427-4763C77CB279}.Debug (Anniversary Update)|ARM.Deploy.0 = Debug|ARM
		{5C6F19D2-E74A-4A76-9427-4763C77CB279}.Debug (Anniversary Update)|x64.ActiveCfg = Debug|x64
		{5C6F19D2-E74A-4A76-9427-4763C77CB279}.Debug (Anniversary Update)|x64.Build.0 = Debug|x64
		{5C6F19D2-E74A-4A76-9427-4763C77CB279}.Debug (Anniversary Update)|x64.Deploy.0 = Debug|x64
		{5C6F19D2-E74A-4A76-9427-4763C77CB279}.Debug (Anniversary Update)|x86.ActiveCfg = Debug|x86
		{5C6F19D2-E74A-4A76-9427-4763C77CB279}.Debug (Anniversary Update)|x86.Build.0 = Debug|x86
		{5C6F19D2-E74A-4A76-9427-4763C77CB279}.Debug (Anniversary Update)|x86.Deploy.0 = Debug|x86
		{5C6F19D2-E74A-4A76-9427-4763C77CB279}.Debug (Version 1511)|Any CPU.ActiveCfg = Release|x64
		{5C6F19D2-E74A-4A76-9427-4763C77CB279}.Debug (Version 1511)|Any CPU.Build.0 = Release|x64
		{5C6F19D2-E74A-4A76-9427-4763C77CB279}.Debug (Version 1511)|Any CPU.Deploy.0 = Release|x64
		{5C6F19D2-E74A-4A76-9427-4763C77CB279}.Debug (Version 1511)|ARM.ActiveCfg = Debug|ARM
		{5C6F19D2-E74A-4A76-9427-4763C77CB279}.Debug (Version 1511)|ARM.Build.0 = Debug|ARM
		{5C6F19D2-E74A-4A76-9427-4763C77CB279}.Debug (Version 1511)|ARM.Deploy.0 = Debug|ARM
		{5C6F19D2-E74A-4A76-9427-4763C77CB279}.Debug (Version 1511)|x64.ActiveCfg = Debug|x64
		{5C6F19D2-E74A-4A76-9427-4763C77CB279}.Debug (Version 1511)|x64.Build.0 = Debug|x64
		{5C6F19D2-E74A-4A76-9427-4763C77CB279}.Debug (Version 1511)|x64.Deploy.0 = Debug|x64
		{5C6F19D2-E74A-4A76-9427-4763C77CB279}.Debug (Version 1511)|x86.ActiveCfg = Debug|x86
		{5C6F19D2-E74A-4A76-9427-4763C77CB279}.Debug (Version 1511)|x86.Build.0 = Debug|x86
		{5C6F19D2-E74A-4A76-9427-4763C77CB279}.Debug (Version 1511)|x86.Deploy.0 = Debug|x86
		{5C6F19D2-E74A-4A76-9427-4763C77CB279}.Debug|Any CPU.ActiveCfg = Debug|x86
		{5C6F19D2-E74A-4A76-9427-4763C77CB279}.Debug|ARM.ActiveCfg = Debug|ARM
		{5C6F19D2-E74A-4A76-9427-4763C77CB279}.Debug|ARM.Build.0 = Debug|ARM
		{5C6F19D2-E74A-4A76-9427-4763C77CB279}.Debug|ARM.Deploy.0 = Debug|ARM
		{5C6F19D2-E74A-4A76-9427-4763C77CB279}.Debug|x64.ActiveCfg = Debug|x64
		{5C6F19D2-E74A-4A76-9427-4763C77CB279}.Debug|x64.Build.0 = Debug|x64
		{5C6F19D2-E74A-4A76-9427-4763C77CB279}.Debug|x64.Deploy.0 = Debug|x64
		{5C6F19D2-E74A-4A76-9427-4763C77CB279}.Debug|x86.ActiveCfg = Debug|x86
		{5C6F19D2-E74A-4A76-9427-4763C77CB279}.Debug|x86.Build.0 = Debug|x86
		{5C6F19D2-E74A-4A76-9427-4763C77CB279}.Debug|x86.Deploy.0 = Debug|x86
		{5C6F19D2-E74A-4A76-9427-4763C77CB279}.Publish|Any CPU.ActiveCfg = Release|x64
		{5C6F19D2-E74A-4A76-9427-4763C77CB279}.Publish|Any CPU.Build.0 = Release|x64
		{5C6F19D2-E74A-4A76-9427-4763C77CB279}.Publish|Any CPU.Deploy.0 = Release|x64
		{5C6F19D2-E74A-4A76-9427-4763C77CB279}.Publish|ARM.ActiveCfg = Release|ARM
		{5C6F19D2-E74A-4A76-9427-4763C77CB279}.Publish|ARM.Build.0 = Release|ARM
		{5C6F19D2-E74A-4A76-9427-4763C77CB279}.Publish|ARM.Deploy.0 = Release|ARM
		{5C6F19D2-E74A-4A76-9427-4763C77CB279}.Publish|x64.ActiveCfg = Release|x64
		{5C6F19D2-E74A-4A76-9427-4763C77CB279}.Publish|x64.Build.0 = Release|x64
		{5C6F19D2-E74A-4A76-9427-4763C77CB279}.Publish|x64.Deploy.0 = Release|x64
		{5C6F19D2-E74A-4A76-9427-4763C77CB279}.Publish|x86.ActiveCfg = Release|x86
		{5C6F19D2-E74A-4A76-9427-4763C77CB279}.Publish|x86.Build.0 = Release|x86
		{5C6F19D2-E74A-4A76-9427-4763C77CB279}.Publish|x86.Deploy.0 = Release|x86
		{5C6F19D2-E74A-4A76-9427-4763C77CB279}.Release (Anniversary Update)|Any CPU.ActiveCfg = Release|x64
		{5C6F19D2-E74A-4A76-9427-4763C77CB279}.Release (Anniversary Update)|Any CPU.Build.0 = Release|x64
		{5C6F19D2-E74A-4A76-9427-4763C77CB279}.Release (Anniversary Update)|Any CPU.Deploy.0 = Release|x64
		{5C6F19D2-E74A-4A76-9427-4763C77CB279}.Release (Anniversary Update)|ARM.ActiveCfg = Release|ARM
		{5C6F19D2-E74A-4A76-9427-4763C77CB279}.Release (Anniversary Update)|ARM.Build.0 = Release|ARM
		{5C6F19D2-E74A-4A76-9427-4763C77CB279}.Release (Anniversary Update)|ARM.Deploy.0 = Release|ARM
		{5C6F19D2-E74A-4A76-9427-4763C77CB279}.Release (Anniversary Update)|x64.ActiveCfg = Release|x64
		{5C6F19D2-E74A-4A76-9427-4763C77CB279}.Release (Anniversary Update)|x64.Build.0 = Release|x64
		{5C6F19D2-E74A-4A76-9427-4763C77CB279}.Release (Anniversary Update)|x64.Deploy.0 = Release|x64
		{5C6F19D2-E74A-4A76-9427-4763C77CB279}.Release (Anniversary Update)|x86.ActiveCfg = Release|x86
		{5C6F19D2-E74A-4A76-9427-4763C77CB279}.Release (Anniversary Update)|x86.Build.0 = Release|x86
		{5C6F19D2-E74A-4A76-9427-4763C77CB279}.Release (Anniversary Update)|x86.Deploy.0 = Release|x86
		{5C6F19D2-E74A-4A76-9427-4763C77CB279}.Release (Version 1511)|Any CPU.ActiveCfg = Release|x64
		{5C6F19D2-E74A-4A76-9427-4763C77CB279}.Release (Version 1511)|Any CPU.Build.0 = Release|x64
		{5C6F19D2-E74A-4A76-9427-4763C77CB279}.Release (Version 1511)|Any CPU.Deploy.0 = Release|x64
		{5C6F19D2-E74A-4A76-9427-4763C77CB279}.Release (Version 1511)|ARM.ActiveCfg = Release|ARM
		{5C6F19D2-E74A-4A76-9427-4763C77CB279}.Release (Version 1511)|ARM.Build.0 = Release|ARM
		{5C6F19D2-E74A-4A76-9427-4763C77CB279}.Release (Version 1511)|ARM.Deploy.0 = Release|ARM
		{5C6F19D2-E74A-4A76-9427-4763C77CB279}.Release (Version 1511)|x64.ActiveCfg = Release|x64
		{5C6F19D2-E74A-4A76-9427-4763C77CB279}.Release (Version 1511)|x64.Build.0 = Release|x64
		{5C6F19D2-E74A-4A76-9427-4763C77CB279}.Release (Version 1511)|x64.Deploy.0 = Release|x64
		{5C6F19D2-E74A-4A76-9427-4763C77CB279}.Release (Version 1511)|x86.ActiveCfg = Release|x86
		{5C6F19D2-E74A-4A76-9427-4763C77CB279}.Release (Version 1511)|x86.Build.0 = Release|x86
		{5C6F19D2-E74A-4A76-9427-4763C77CB279}.Release (Version 1511)|x86.Deploy.0 = Release|x86
		{5C6F19D2-E74A-4A76-9427-4763C77CB279}.Release|Any CPU.ActiveCfg = Release|x86
		{5C6F19D2-E74A-4A76-9427-4763C77CB279}.Release|ARM.ActiveCfg = Release|ARM
		{5C6F19D2-E74A-4A76-9427-4763C77CB279}.Release|ARM.Build.0 = Release|ARM
		{5C6F19D2-E74A-4A76-9427-4763C77CB279}.Release|ARM.Deploy.0 = Release|ARM
		{5C6F19D2-E74A-4A76-9427-4763C77CB279}.Release|x64.ActiveCfg = Release|x64
		{5C6F19D2-E74A-4A76-9427-4763C77CB279}.Release|x64.Build.0 = Release|x64
		{5C6F19D2-E74A-4A76-9427-4763C77CB279}.Release|x64.Deploy.0 = Release|x64
		{5C6F19D2-E74A-4A76-9427-4763C77CB279}.Release|x86.ActiveCfg = Release|x86
		{5C6F19D2-E74A-4A76-9427-4763C77CB279}.Release|x86.Build.0 = Release|x86
		{5C6F19D2-E74A-4A76-9427-4763C77CB279}.Release|x86.Deploy.0 = Release|x86
		{91F78C48-287E-41B5-9E49-44D6E1E31290}.Debug (Anniversary Update)|Any CPU.ActiveCfg = Debug|Any CPU
		{91F78C48-287E-41B5-9E49-44D6E1E31290}.Debug (Anniversary Update)|ARM.ActiveCfg = Debug|Any CPU
		{91F78C48-287E-41B5-9E49-44D6E1E31290}.Debug (Anniversary Update)|x64.ActiveCfg = Debug|Any CPU
		{91F78C48-287E-41B5-9E49-44D6E1E31290}.Debug (Anniversary Update)|x86.ActiveCfg = Debug|Any CPU
		{91F78C48-287E-41B5-9E49-44D6E1E31290}.Debug (Version 1511)|Any CPU.ActiveCfg = Debug|Any CPU
		{91F78C48-287E-41B5-9E49-44D6E1E31290}.Debug (Version 1511)|ARM.ActiveCfg = Debug|Any CPU
		{91F78C48-287E-41B5-9E49-44D6E1E31290}.Debug (Version 1511)|x64.ActiveCfg = Debug|Any CPU
		{91F78C48-287E-41B5-9E49-44D6E1E31290}.Debug (Version 1511)|x86.ActiveCfg = Debug|Any CPU
		{91F78C48-287E-41B5-9E49-44D6E1E31290}.Debug|Any CPU.ActiveCfg = Debug|Any CPU
		{91F78C48-287E-41B5-9E49-44D6E1E31290}.Debug|Any CPU.Build.0 = Debug|Any CPU
		{91F78C48-287E-41B5-9E49-44D6E1E31290}.Debug|ARM.ActiveCfg = Debug|Any CPU
		{91F78C48-287E-41B5-9E49-44D6E1E31290}.Debug|ARM.Build.0 = Debug|Any CPU
		{91F78C48-287E-41B5-9E49-44D6E1E31290}.Debug|x64.ActiveCfg = Debug|Any CPU
		{91F78C48-287E-41B5-9E49-44D6E1E31290}.Debug|x64.Build.0 = Debug|Any CPU
		{91F78C48-287E-41B5-9E49-44D6E1E31290}.Debug|x86.ActiveCfg = Debug|Any CPU
		{91F78C48-287E-41B5-9E49-44D6E1E31290}.Debug|x86.Build.0 = Debug|Any CPU
		{91F78C48-287E-41B5-9E49-44D6E1E31290}.Publish|Any CPU.ActiveCfg = Release|Any CPU
		{91F78C48-287E-41B5-9E49-44D6E1E31290}.Publish|ARM.ActiveCfg = Release|Any CPU
		{91F78C48-287E-41B5-9E49-44D6E1E31290}.Publish|x64.ActiveCfg = Release|Any CPU
		{91F78C48-287E-41B5-9E49-44D6E1E31290}.Publish|x86.ActiveCfg = Release|Any CPU
		{91F78C48-287E-41B5-9E49-44D6E1E31290}.Release (Anniversary Update)|Any CPU.ActiveCfg = Release|Any CPU
		{91F78C48-287E-41B5-9E49-44D6E1E31290}.Release (Anniversary Update)|ARM.ActiveCfg = Release|Any CPU
		{91F78C48-287E-41B5-9E49-44D6E1E31290}.Release (Anniversary Update)|x64.ActiveCfg = Release|Any CPU
		{91F78C48-287E-41B5-9E49-44D6E1E31290}.Release (Anniversary Update)|x86.ActiveCfg = Release|Any CPU
		{91F78C48-287E-41B5-9E49-44D6E1E31290}.Release (Version 1511)|Any CPU.ActiveCfg = Release|Any CPU
		{91F78C48-287E-41B5-9E49-44D6E1E31290}.Release (Version 1511)|ARM.ActiveCfg = Release|Any CPU
		{91F78C48-287E-41B5-9E49-44D6E1E31290}.Release (Version 1511)|x64.ActiveCfg = Release|Any CPU
		{91F78C48-287E-41B5-9E49-44D6E1E31290}.Release (Version 1511)|x86.ActiveCfg = Release|Any CPU
		{91F78C48-287E-41B5-9E49-44D6E1E31290}.Release|Any CPU.ActiveCfg = Release|Any CPU
		{91F78C48-287E-41B5-9E49-44D6E1E31290}.Release|Any CPU.Build.0 = Release|Any CPU
		{91F78C48-287E-41B5-9E49-44D6E1E31290}.Release|ARM.ActiveCfg = Release|Any CPU
		{91F78C48-287E-41B5-9E49-44D6E1E31290}.Release|ARM.Build.0 = Release|Any CPU
		{91F78C48-287E-41B5-9E49-44D6E1E31290}.Release|x64.ActiveCfg = Release|Any CPU
		{91F78C48-287E-41B5-9E49-44D6E1E31290}.Release|x64.Build.0 = Release|Any CPU
		{91F78C48-287E-41B5-9E49-44D6E1E31290}.Release|x86.ActiveCfg = Release|Any CPU
		{91F78C48-287E-41B5-9E49-44D6E1E31290}.Release|x86.Build.0 = Release|Any CPU
		{11BA20BF-53ED-46BF-9422-6907D1438FFA}.Debug (Anniversary Update)|Any CPU.ActiveCfg = Debug|Any CPU
		{11BA20BF-53ED-46BF-9422-6907D1438FFA}.Debug (Anniversary Update)|Any CPU.Build.0 = Debug|Any CPU
		{11BA20BF-53ED-46BF-9422-6907D1438FFA}.Debug (Anniversary Update)|ARM.ActiveCfg = Debug|ARM
		{11BA20BF-53ED-46BF-9422-6907D1438FFA}.Debug (Anniversary Update)|ARM.Build.0 = Debug|ARM
		{11BA20BF-53ED-46BF-9422-6907D1438FFA}.Debug (Anniversary Update)|x64.ActiveCfg = Debug|x64
		{11BA20BF-53ED-46BF-9422-6907D1438FFA}.Debug (Anniversary Update)|x64.Build.0 = Debug|x64
		{11BA20BF-53ED-46BF-9422-6907D1438FFA}.Debug (Anniversary Update)|x86.ActiveCfg = Debug|x86
		{11BA20BF-53ED-46BF-9422-6907D1438FFA}.Debug (Anniversary Update)|x86.Build.0 = Debug|x86
		{11BA20BF-53ED-46BF-9422-6907D1438FFA}.Debug (Version 1511)|Any CPU.ActiveCfg = Debug|Any CPU
		{11BA20BF-53ED-46BF-9422-6907D1438FFA}.Debug (Version 1511)|Any CPU.Build.0 = Debug|Any CPU
		{11BA20BF-53ED-46BF-9422-6907D1438FFA}.Debug (Version 1511)|ARM.ActiveCfg = Debug|ARM
		{11BA20BF-53ED-46BF-9422-6907D1438FFA}.Debug (Version 1511)|ARM.Build.0 = Debug|ARM
		{11BA20BF-53ED-46BF-9422-6907D1438FFA}.Debug (Version 1511)|x64.ActiveCfg = Debug|x64
		{11BA20BF-53ED-46BF-9422-6907D1438FFA}.Debug (Version 1511)|x64.Build.0 = Debug|x64
		{11BA20BF-53ED-46BF-9422-6907D1438FFA}.Debug (Version 1511)|x86.ActiveCfg = Debug|x86
		{11BA20BF-53ED-46BF-9422-6907D1438FFA}.Debug (Version 1511)|x86.Build.0 = Debug|x86
		{11BA20BF-53ED-46BF-9422-6907D1438FFA}.Debug|Any CPU.ActiveCfg = Debug|Any CPU
		{11BA20BF-53ED-46BF-9422-6907D1438FFA}.Debug|Any CPU.Build.0 = Debug|Any CPU
		{11BA20BF-53ED-46BF-9422-6907D1438FFA}.Debug|ARM.ActiveCfg = Debug|ARM
		{11BA20BF-53ED-46BF-9422-6907D1438FFA}.Debug|ARM.Build.0 = Debug|ARM
		{11BA20BF-53ED-46BF-9422-6907D1438FFA}.Debug|x64.ActiveCfg = Debug|x64
		{11BA20BF-53ED-46BF-9422-6907D1438FFA}.Debug|x64.Build.0 = Debug|x64
		{11BA20BF-53ED-46BF-9422-6907D1438FFA}.Debug|x86.ActiveCfg = Debug|x86
		{11BA20BF-53ED-46BF-9422-6907D1438FFA}.Debug|x86.Build.0 = Debug|x86
		{11BA20BF-53ED-46BF-9422-6907D1438FFA}.Publish|Any CPU.ActiveCfg = Release|Any CPU
		{11BA20BF-53ED-46BF-9422-6907D1438FFA}.Publish|Any CPU.Build.0 = Release|Any CPU
		{11BA20BF-53ED-46BF-9422-6907D1438FFA}.Publish|ARM.ActiveCfg = Release|ARM
		{11BA20BF-53ED-46BF-9422-6907D1438FFA}.Publish|ARM.Build.0 = Release|ARM
		{11BA20BF-53ED-46BF-9422-6907D1438FFA}.Publish|x64.ActiveCfg = Release|x64
		{11BA20BF-53ED-46BF-9422-6907D1438FFA}.Publish|x64.Build.0 = Release|x64
		{11BA20BF-53ED-46BF-9422-6907D1438FFA}.Publish|x86.ActiveCfg = Release|x86
		{11BA20BF-53ED-46BF-9422-6907D1438FFA}.Publish|x86.Build.0 = Release|x86
		{11BA20BF-53ED-46BF-9422-6907D1438FFA}.Release (Anniversary Update)|Any CPU.ActiveCfg = Release|Any CPU
		{11BA20BF-53ED-46BF-9422-6907D1438FFA}.Release (Anniversary Update)|Any CPU.Build.0 = Release|Any CPU
		{11BA20BF-53ED-46BF-9422-6907D1438FFA}.Release (Anniversary Update)|ARM.ActiveCfg = Release|ARM
		{11BA20BF-53ED-46BF-9422-6907D1438FFA}.Release (Anniversary Update)|ARM.Build.0 = Release|ARM
		{11BA20BF-53ED-46BF-9422-6907D1438FFA}.Release (Anniversary Update)|x64.ActiveCfg = Release|x64
		{11BA20BF-53ED-46BF-9422-6907D1438FFA}.Release (Anniversary Update)|x64.Build.0 = Release|x64
		{11BA20BF-53ED-46BF-9422-6907D1438FFA}.Release (Anniversary Update)|x86.ActiveCfg = Release|x86
		{11BA20BF-53ED-46BF-9422-6907D1438FFA}.Release (Anniversary Update)|x86.Build.0 = Release|x86
		{11BA20BF-53ED-46BF-9422-6907D1438FFA}.Release (Version 1511)|Any CPU.ActiveCfg = Release|Any CPU
		{11BA20BF-53ED-46BF-9422-6907D1438FFA}.Release (Version 1511)|Any CPU.Build.0 = Release|Any CPU
		{11BA20BF-53ED-46BF-9422-6907D1438FFA}.Release (Version 1511)|ARM.ActiveCfg = Release|ARM
		{11BA20BF-53ED-46BF-9422-6907D1438FFA}.Release (Version 1511)|ARM.Build.0 = Release|ARM
		{11BA20BF-53ED-46BF-9422-6907D1438FFA}.Release (Version 1511)|x64.ActiveCfg = Release|x64
		{11BA20BF-53ED-46BF-9422-6907D1438FFA}.Release (Version 1511)|x64.Build.0 = Release|x64
		{11BA20BF-53ED-46BF-9422-6907D1438FFA}.Release (Version 1511)|x86.ActiveCfg = Release|x86
		{11BA20BF-53ED-46BF-9422-6907D1438FFA}.Release (Version 1511)|x86.Build.0 = Release|x86
		{11BA20BF-53ED-46BF-9422-6907D1438FFA}.Release|Any CPU.ActiveCfg = Release|Any CPU
		{11BA20BF-53ED-46BF-9422-6907D1438FFA}.Release|Any CPU.Build.0 = Release|Any CPU
		{11BA20BF-53ED-46BF-9422-6907D1438FFA}.Release|ARM.ActiveCfg = Release|ARM
		{11BA20BF-53ED-46BF-9422-6907D1438FFA}.Release|ARM.Build.0 = Release|ARM
		{11BA20BF-53ED-46BF-9422-6907D1438FFA}.Release|x64.ActiveCfg = Release|x64
		{11BA20BF-53ED-46BF-9422-6907D1438FFA}.Release|x64.Build.0 = Release|x64
		{11BA20BF-53ED-46BF-9422-6907D1438FFA}.Release|x86.ActiveCfg = Release|x86
		{11BA20BF-53ED-46BF-9422-6907D1438FFA}.Release|x86.Build.0 = Release|x86
	EndGlobalSection
	GlobalSection(SolutionProperties) = preSolution
		HideSolutionNode = FALSE
	EndGlobalSection
EndGlobal
